PODS:
  - Charts (3.3.0):
    - Charts/Core (= 3.3.0)
  - Charts/Core (3.3.0)
  - CSVImporter (1.9.1):
    - HandySwift (~> 2.5)
  - HandySwift (2.8.0)

DEPENDENCIES:
  - Charts
  - CSVImporter

SPEC REPOS:
  https://github.com/cocoapods/specs.git:
    - Charts
    - CSVImporter
    - HandySwift

SPEC CHECKSUMS:
  Charts: ec1f57f9340054155691e84d4544a1d239d382c5
  CSVImporter: 1543192354ecf8abccd2cc77947d190fd9cf2b18
  HandySwift: 0a32500215166a56a58f972f7ce1641361307e8b

PODFILE CHECKSUM: b72393de2c1ebb671cd74a1736a8eb0aaad4e7d0

COCOAPODS: 1.7.0
