// !$*UTF8*$!
{
	archiveVersion = 1;
	classes = {
	};
	objectVersion = 51;
	objects = {

/* Begin PBXBuildFile section */
		0B85D9CFEC2032A626AC6A93 /* libPods-TreeSapIOSTests.a in Frameworks */ = {isa = PBXBuildFile; fileRef = 04069877CBA1FE325848DCEC /* libPods-TreeSapIOSTests.a */; };
		4101181C22A6FA5600EDE6D8 /* UserPreferenceTests.swift in Sources */ = {isa = PBXBuildFile; fileRef = 4101181B22A6FA5600EDE6D8 /* UserPreferenceTests.swift */; };
		418A360D22A83CD3002BF28C /* LoadingScreenViewController.swift in Sources */ = {isa = PBXBuildFile; fileRef = 418A360C22A83CD3002BF28C /* LoadingScreenViewController.swift */; };
		41AD85E622BA933E00DAB44B /* MoreInformationViewController.swift in Sources */ = {isa = PBXBuildFile; fileRef = 41AD85E522BA933E00DAB44B /* MoreInformationViewController.swift */; };
		41AD85EC22BAAAD700DAB44B /* MoreInformationTests.swift in Sources */ = {isa = PBXBuildFile; fileRef = 41AD85EB22BAAAD700DAB44B /* MoreInformationTests.swift */; };
		41AD85EE22BAC0C200DAB44B /* AccountSettingsTests.swift in Sources */ = {isa = PBXBuildFile; fileRef = 41AD85ED22BAC0C200DAB44B /* AccountSettingsTests.swift */; };
		41F52F1722AFD16200E2ACE8 /* TreeTests.swift in Sources */ = {isa = PBXBuildFile; fileRef = 41F52F1622AFD16200E2ACE8 /* TreeTests.swift */; };
		41F52F1922AFD91B00E2ACE8 /* TreeAnnotationTests.swift in Sources */ = {isa = PBXBuildFile; fileRef = 41F52F1822AFD91B00E2ACE8 /* TreeAnnotationTests.swift */; };
		41F52F1B22AFE02500E2ACE8 /* SettingsViewControllerTests.swift in Sources */ = {isa = PBXBuildFile; fileRef = 41F52F1A22AFE02500E2ACE8 /* SettingsViewControllerTests.swift */; };
		41FE11ED22B18C8F00919026 /* DataSourceAvailabilityTableTests.swift in Sources */ = {isa = PBXBuildFile; fileRef = 41FE11EC22B18C8F00919026 /* DataSourceAvailabilityTableTests.swift */; };
		61E1EFDD5187EC1C7241B025 /* libPods-TreeSapIOS.a in Frameworks */ = {isa = PBXBuildFile; fileRef = B77358D36DBDDED4196CADD2 /* libPods-TreeSapIOS.a */; };
		9325BCC7D7C18D578601373C /* libPods-TreeSapIOSUITests.a in Frameworks */ = {isa = PBXBuildFile; fileRef = 84439420E68F648C297A16CA /* libPods-TreeSapIOSUITests.a */; };
		BCECB2CD22A1598A0045C548 /* TreeFinderTests.swift in Sources */ = {isa = PBXBuildFile; fileRef = BCECB2CC22A1598A0045C548 /* TreeFinderTests.swift */; };
		CB091E712292EBCF00F0CB06 /* HomeViewController.swift in Sources */ = {isa = PBXBuildFile; fileRef = CB091E702292EBCF00F0CB06 /* HomeViewController.swift */; };
		CB12C94B228DF508000C74C3 /* BenefitsDisplayViewController.swift in Sources */ = {isa = PBXBuildFile; fileRef = CB12C94A228DF508000C74C3 /* BenefitsDisplayViewController.swift */; };
		CB12C94D228DF5C4000C74C3 /* SimpleDisplayViewController.swift in Sources */ = {isa = PBXBuildFile; fileRef = CB12C94C228DF5C4000C74C3 /* SimpleDisplayViewController.swift */; };
		CB12C94F228DF85D000C74C3 /* TreeDetailPageViewController.swift in Sources */ = {isa = PBXBuildFile; fileRef = CB12C94E228DF85D000C74C3 /* TreeDetailPageViewController.swift */; };
		CB12C951228DFA12000C74C3 /* PieChartDisplayViewController.swift in Sources */ = {isa = PBXBuildFile; fileRef = CB12C950228DFA12000C74C3 /* PieChartDisplayViewController.swift */; };
		CB15256A22A69941002D483E /* FilledButton.swift in Sources */ = {isa = PBXBuildFile; fileRef = CB15256922A69941002D483E /* FilledButton.swift */; };
		CB15256C22A6A00F002D483E /* AddTreeLocationViewController.swift in Sources */ = {isa = PBXBuildFile; fileRef = CB15256B22A6A00F002D483E /* AddTreeLocationViewController.swift */; };
		CB15256E22A6A231002D483E /* AddTreeViewController.swift in Sources */ = {isa = PBXBuildFile; fileRef = CB15256D22A6A231002D483E /* AddTreeViewController.swift */; };
		CB15257022A6A2F7002D483E /* AddTreeOtherViewController.swift in Sources */ = {isa = PBXBuildFile; fileRef = CB15256F22A6A2F7002D483E /* AddTreeOtherViewController.swift */; };
		CB15257222A6A366002D483E /* AddTreeBarkViewController.swift in Sources */ = {isa = PBXBuildFile; fileRef = CB15257122A6A366002D483E /* AddTreeBarkViewController.swift */; };
		CB15257422A6A388002D483E /* AddTreeLeafViewController.swift in Sources */ = {isa = PBXBuildFile; fileRef = CB15257322A6A387002D483E /* AddTreeLeafViewController.swift */; };
		CB15257622A6A3D5002D483E /* AddTreeEntireViewController.swift in Sources */ = {isa = PBXBuildFile; fileRef = CB15257522A6A3D4002D483E /* AddTreeEntireViewController.swift */; };
		CB15257822A6B1DF002D483E /* AddTreePhotoViewController.swift in Sources */ = {isa = PBXBuildFile; fileRef = CB15257722A6B1DF002D483E /* AddTreePhotoViewController.swift */; };
		CB2D4DA522958548006DAC37 /* TreeAnnotationView.swift in Sources */ = {isa = PBXBuildFile; fileRef = CB2D4DA422958548006DAC37 /* TreeAnnotationView.swift */; };
		CB2D4DA722959D0E006DAC37 /* DataSourceTests.swift in Sources */ = {isa = PBXBuildFile; fileRef = CB2D4DA622959D0E006DAC37 /* DataSourceTests.swift */; };
		CB672F1B229434DA00622B59 /* TreeDisplayViewController.swift in Sources */ = {isa = PBXBuildFile; fileRef = CB672F1A229434DA00622B59 /* TreeDisplayViewController.swift */; };
		CB6953B8228EE8720002024B /* Tree.swift in Sources */ = {isa = PBXBuildFile; fileRef = CB6953B7228EE8720002024B /* Tree.swift */; };
		CB6953BA228EE9530002024B /* DataSource.swift in Sources */ = {isa = PBXBuildFile; fileRef = CB6953B9228EE9530002024B /* DataSource.swift */; };
		CB80E3BD22AFD578001A78AE /* DataManager.swift in Sources */ = {isa = PBXBuildFile; fileRef = CB80E3BC22AFD578001A78AE /* DataManager.swift */; };
		CB80E3BF22AFD657001A78AE /* AlertManager.swift in Sources */ = {isa = PBXBuildFile; fileRef = CB80E3BE22AFD657001A78AE /* AlertManager.swift */; };
		CB80E3C122AFD753001A78AE /* LocationManager.swift in Sources */ = {isa = PBXBuildFile; fileRef = CB80E3C022AFD753001A78AE /* LocationManager.swift */; };
		CB80E3C322AFD909001A78AE /* PreferencesManager.swift in Sources */ = {isa = PBXBuildFile; fileRef = CB80E3C222AFD909001A78AE /* PreferencesManager.swift */; };
		CB9A1C0222BBCC1F00D1067E /* PendingTreesTableViewController.swift in Sources */ = {isa = PBXBuildFile; fileRef = CB9A1C0122BBCC1F00D1067E /* PendingTreesTableViewController.swift */; };
		CB9F423D22A548D700C97F70 /* NameFormatterTests.swift in Sources */ = {isa = PBXBuildFile; fileRef = CB9F423C22A548D700C97F70 /* NameFormatterTests.swift */; };
		CB9F424522A55F3A00C97F70 /* TreeSapIOSUITests.swift in Sources */ = {isa = PBXBuildFile; fileRef = CB9F424422A55F3A00C97F70 /* TreeSapIOSUITests.swift */; };
		CB9F425122A5B0D800C97F70 /* AddTreePageViewController.swift in Sources */ = {isa = PBXBuildFile; fileRef = CB9F425022A5B0D800C97F70 /* AddTreePageViewController.swift */; };
		CBA9171E22B7DE8C00BA75B2 /* FirebaseDataSource.swift in Sources */ = {isa = PBXBuildFile; fileRef = CBA9171D22B7DE8C00BA75B2 /* FirebaseDataSource.swift */; };
		CBB264B822973C6C00C036FB /* DataSourceTableViewController.swift in Sources */ = {isa = PBXBuildFile; fileRef = CBB264B722973C6C00C036FB /* DataSourceTableViewController.swift */; };
		CBBCE82B228DD76B008F7225 /* AppDelegate.swift in Sources */ = {isa = PBXBuildFile; fileRef = CBBCE82A228DD76B008F7225 /* AppDelegate.swift */; };
		CBBCE82D228DD76B008F7225 /* ButtonViewController.swift in Sources */ = {isa = PBXBuildFile; fileRef = CBBCE82C228DD76B008F7225 /* ButtonViewController.swift */; };
		CBBCE82F228DD76B008F7225 /* CoordinatesViewController.swift in Sources */ = {isa = PBXBuildFile; fileRef = CBBCE82E228DD76B008F7225 /* CoordinatesViewController.swift */; };
		CBBCE832228DD76B008F7225 /* Main.storyboard in Resources */ = {isa = PBXBuildFile; fileRef = CBBCE830228DD76B008F7225 /* Main.storyboard */; };
		CBBCE834228DD777008F7225 /* Assets.xcassets in Resources */ = {isa = PBXBuildFile; fileRef = CBBCE833228DD777008F7225 /* Assets.xcassets */; };
		CBBCE837228DD777008F7225 /* LaunchScreen.storyboard in Resources */ = {isa = PBXBuildFile; fileRef = CBBCE835228DD777008F7225 /* LaunchScreen.storyboard */; };
		CBBCE842228DD777008F7225 /* TreeSapIOSTests.swift in Sources */ = {isa = PBXBuildFile; fileRef = CBBCE841228DD777008F7225 /* TreeSapIOSTests.swift */; };
		CBBCE84D228DD847008F7225 /* MapViewController.swift in Sources */ = {isa = PBXBuildFile; fileRef = CBBCE84C228DD847008F7225 /* MapViewController.swift */; };
		CBBCE84F228DD93E008F7225 /* QRCodeViewController.swift in Sources */ = {isa = PBXBuildFile; fileRef = CBBCE84E228DD93E008F7225 /* QRCodeViewController.swift */; };
		CBBCE851228DD9B1008F7225 /* SettingsViewController.swift in Sources */ = {isa = PBXBuildFile; fileRef = CBBCE850228DD9B1008F7225 /* SettingsViewController.swift */; };
		CBC7BC9822B93AC8002D4B98 /* HideKeyboard.swift in Sources */ = {isa = PBXBuildFile; fileRef = CBC7BC9722B93AC8002D4B98 /* HideKeyboard.swift */; };
		CBE8789022957A1300C06E69 /* TreeAnnotation.swift in Sources */ = {isa = PBXBuildFile; fileRef = CBE8788F22957A1300C06E69 /* TreeAnnotation.swift */; };
		CBF89EDC22B2BBC600045670 /* CSVDataSource.swift in Sources */ = {isa = PBXBuildFile; fileRef = CBF89EDB22B2BBC600045670 /* CSVDataSource.swift */; };
		CBF89EE222B3F40600045670 /* DatabaseManager.swift in Sources */ = {isa = PBXBuildFile; fileRef = CBF89EE122B3F40600045670 /* DatabaseManager.swift */; };
		CBFD63C12295A1E800804DC4 /* NameFormatter.swift in Sources */ = {isa = PBXBuildFile; fileRef = CBFD63C02295A1E800804DC4 /* NameFormatter.swift */; };
		D76D617F22931990003FFD24 /* CSVFormat.swift in Sources */ = {isa = PBXBuildFile; fileRef = D76D617E22931990003FFD24 /* CSVFormat.swift */; };
		D76D6183229321E7003FFD24 /* TreeFinder.swift in Sources */ = {isa = PBXBuildFile; fileRef = D76D6182229321E7003FFD24 /* TreeFinder.swift */; };
		D77029D622B0449E00671CC0 /* GoogleService-Info.plist in Resources */ = {isa = PBXBuildFile; fileRef = D77029D522B0449E00671CC0 /* GoogleService-Info.plist */; };
		D77029DD22B1293A00671CC0 /* AccountManager.swift in Sources */ = {isa = PBXBuildFile; fileRef = D77029DC22B1293A00671CC0 /* AccountManager.swift */; };
		D77029DF22B12C7300671CC0 /* LoginSignupViewController.swift in Sources */ = {isa = PBXBuildFile; fileRef = D77029DE22B12C7300671CC0 /* LoginSignupViewController.swift */; };
		D77029E122B16BDD00671CC0 /* AccountTableViewController.swift in Sources */ = {isa = PBXBuildFile; fileRef = D77029E022B16BDD00671CC0 /* AccountTableViewController.swift */; };
/* End PBXBuildFile section */

/* Begin PBXContainerItemProxy section */
		CB9F424722A55F3A00C97F70 /* PBXContainerItemProxy */ = {
			isa = PBXContainerItemProxy;
			containerPortal = CBBCE81F228DD76B008F7225 /* Project object */;
			proxyType = 1;
			remoteGlobalIDString = CBBCE826228DD76B008F7225;
			remoteInfo = TreeSapIOS;
		};
		CBBCE83E228DD777008F7225 /* PBXContainerItemProxy */ = {
			isa = PBXContainerItemProxy;
			containerPortal = CBBCE81F228DD76B008F7225 /* Project object */;
			proxyType = 1;
			remoteGlobalIDString = CBBCE826228DD76B008F7225;
			remoteInfo = TreeSapIOS;
		};
/* End PBXContainerItemProxy section */

/* Begin PBXCopyFilesBuildPhase section */
		CBDDC00122A1727E009A64D7 /* Embed Frameworks */ = {
			isa = PBXCopyFilesBuildPhase;
			buildActionMask = 2147483647;
			dstPath = "";
			dstSubfolderSpec = 10;
			files = (
			);
			name = "Embed Frameworks";
			runOnlyForDeploymentPostprocessing = 0;
		};
/* End PBXCopyFilesBuildPhase section */

/* Begin PBXFileReference section */
		032803B715E7C1F1944B7370 /* Pods-TreeSapIOSTests.release.xcconfig */ = {isa = PBXFileReference; includeInIndex = 1; lastKnownFileType = text.xcconfig; name = "Pods-TreeSapIOSTests.release.xcconfig"; path = "Target Support Files/Pods-TreeSapIOSTests/Pods-TreeSapIOSTests.release.xcconfig"; sourceTree = "<group>"; };
		04069877CBA1FE325848DCEC /* libPods-TreeSapIOSTests.a */ = {isa = PBXFileReference; explicitFileType = archive.ar; includeInIndex = 0; path = "libPods-TreeSapIOSTests.a"; sourceTree = BUILT_PRODUCTS_DIR; };
		4101181B22A6FA5600EDE6D8 /* UserPreferenceTests.swift */ = {isa = PBXFileReference; fileEncoding = 4; lastKnownFileType = sourcecode.swift; path = UserPreferenceTests.swift; sourceTree = "<group>"; };
		418A360C22A83CD3002BF28C /* LoadingScreenViewController.swift */ = {isa = PBXFileReference; lastKnownFileType = sourcecode.swift; path = LoadingScreenViewController.swift; sourceTree = "<group>"; };
		41AD85E522BA933E00DAB44B /* MoreInformationViewController.swift */ = {isa = PBXFileReference; lastKnownFileType = sourcecode.swift; path = MoreInformationViewController.swift; sourceTree = "<group>"; };
		41AD85EB22BAAAD700DAB44B /* MoreInformationTests.swift */ = {isa = PBXFileReference; lastKnownFileType = sourcecode.swift; path = MoreInformationTests.swift; sourceTree = "<group>"; };
		41AD85ED22BAC0C200DAB44B /* AccountSettingsTests.swift */ = {isa = PBXFileReference; lastKnownFileType = sourcecode.swift; path = AccountSettingsTests.swift; sourceTree = "<group>"; };
		41F52F1622AFD16200E2ACE8 /* TreeTests.swift */ = {isa = PBXFileReference; lastKnownFileType = sourcecode.swift; path = TreeTests.swift; sourceTree = "<group>"; };
		41F52F1822AFD91B00E2ACE8 /* TreeAnnotationTests.swift */ = {isa = PBXFileReference; lastKnownFileType = sourcecode.swift; path = TreeAnnotationTests.swift; sourceTree = "<group>"; };
		41F52F1A22AFE02500E2ACE8 /* SettingsViewControllerTests.swift */ = {isa = PBXFileReference; lastKnownFileType = sourcecode.swift; path = SettingsViewControllerTests.swift; sourceTree = "<group>"; };
		41FE11EC22B18C8F00919026 /* DataSourceAvailabilityTableTests.swift */ = {isa = PBXFileReference; lastKnownFileType = sourcecode.swift; path = DataSourceAvailabilityTableTests.swift; sourceTree = "<group>"; };
		51923197E0B1EB112DB21162 /* Pods-TreeSapIOSUITests.release.xcconfig */ = {isa = PBXFileReference; includeInIndex = 1; lastKnownFileType = text.xcconfig; name = "Pods-TreeSapIOSUITests.release.xcconfig"; path = "Target Support Files/Pods-TreeSapIOSUITests/Pods-TreeSapIOSUITests.release.xcconfig"; sourceTree = "<group>"; };
		657C7C57D15B44ECCED1E51C /* Pods-TreeSapIOS.release.xcconfig */ = {isa = PBXFileReference; includeInIndex = 1; lastKnownFileType = text.xcconfig; name = "Pods-TreeSapIOS.release.xcconfig"; path = "Target Support Files/Pods-TreeSapIOS/Pods-TreeSapIOS.release.xcconfig"; sourceTree = "<group>"; };
		668AAD7604AA46A0D823F819 /* Pods-TreeSapIOSUITests.debug.xcconfig */ = {isa = PBXFileReference; includeInIndex = 1; lastKnownFileType = text.xcconfig; name = "Pods-TreeSapIOSUITests.debug.xcconfig"; path = "Target Support Files/Pods-TreeSapIOSUITests/Pods-TreeSapIOSUITests.debug.xcconfig"; sourceTree = "<group>"; };
		69FCB8763D3803D7045729DF /* Pods-TreeSapIOSTests.debug.xcconfig */ = {isa = PBXFileReference; includeInIndex = 1; lastKnownFileType = text.xcconfig; name = "Pods-TreeSapIOSTests.debug.xcconfig"; path = "Target Support Files/Pods-TreeSapIOSTests/Pods-TreeSapIOSTests.debug.xcconfig"; sourceTree = "<group>"; };
		84439420E68F648C297A16CA /* libPods-TreeSapIOSUITests.a */ = {isa = PBXFileReference; explicitFileType = archive.ar; includeInIndex = 0; path = "libPods-TreeSapIOSUITests.a"; sourceTree = BUILT_PRODUCTS_DIR; };
		B77358D36DBDDED4196CADD2 /* libPods-TreeSapIOS.a */ = {isa = PBXFileReference; explicitFileType = archive.ar; includeInIndex = 0; path = "libPods-TreeSapIOS.a"; sourceTree = BUILT_PRODUCTS_DIR; };
		BCECB2CC22A1598A0045C548 /* TreeFinderTests.swift */ = {isa = PBXFileReference; lastKnownFileType = sourcecode.swift; path = TreeFinderTests.swift; sourceTree = "<group>"; };
		CB091E702292EBCF00F0CB06 /* HomeViewController.swift */ = {isa = PBXFileReference; lastKnownFileType = sourcecode.swift; path = HomeViewController.swift; sourceTree = "<group>"; };
		CB12C94A228DF508000C74C3 /* BenefitsDisplayViewController.swift */ = {isa = PBXFileReference; lastKnownFileType = sourcecode.swift; path = BenefitsDisplayViewController.swift; sourceTree = "<group>"; };
		CB12C94C228DF5C4000C74C3 /* SimpleDisplayViewController.swift */ = {isa = PBXFileReference; lastKnownFileType = sourcecode.swift; path = SimpleDisplayViewController.swift; sourceTree = "<group>"; };
		CB12C94E228DF85D000C74C3 /* TreeDetailPageViewController.swift */ = {isa = PBXFileReference; lastKnownFileType = sourcecode.swift; path = TreeDetailPageViewController.swift; sourceTree = "<group>"; };
		CB12C950228DFA12000C74C3 /* PieChartDisplayViewController.swift */ = {isa = PBXFileReference; lastKnownFileType = sourcecode.swift; path = PieChartDisplayViewController.swift; sourceTree = "<group>"; };
		CB15256922A69941002D483E /* FilledButton.swift */ = {isa = PBXFileReference; lastKnownFileType = sourcecode.swift; path = FilledButton.swift; sourceTree = "<group>"; };
		CB15256B22A6A00F002D483E /* AddTreeLocationViewController.swift */ = {isa = PBXFileReference; lastKnownFileType = sourcecode.swift; path = AddTreeLocationViewController.swift; sourceTree = "<group>"; };
		CB15256D22A6A231002D483E /* AddTreeViewController.swift */ = {isa = PBXFileReference; lastKnownFileType = sourcecode.swift; path = AddTreeViewController.swift; sourceTree = "<group>"; };
		CB15256F22A6A2F7002D483E /* AddTreeOtherViewController.swift */ = {isa = PBXFileReference; lastKnownFileType = sourcecode.swift; path = AddTreeOtherViewController.swift; sourceTree = "<group>"; };
		CB15257122A6A366002D483E /* AddTreeBarkViewController.swift */ = {isa = PBXFileReference; lastKnownFileType = sourcecode.swift; path = AddTreeBarkViewController.swift; sourceTree = "<group>"; };
		CB15257322A6A387002D483E /* AddTreeLeafViewController.swift */ = {isa = PBXFileReference; lastKnownFileType = sourcecode.swift; path = AddTreeLeafViewController.swift; sourceTree = "<group>"; };
		CB15257522A6A3D4002D483E /* AddTreeEntireViewController.swift */ = {isa = PBXFileReference; lastKnownFileType = sourcecode.swift; path = AddTreeEntireViewController.swift; sourceTree = "<group>"; };
		CB15257722A6B1DF002D483E /* AddTreePhotoViewController.swift */ = {isa = PBXFileReference; lastKnownFileType = sourcecode.swift; path = AddTreePhotoViewController.swift; sourceTree = "<group>"; };
		CB2D4DA422958548006DAC37 /* TreeAnnotationView.swift */ = {isa = PBXFileReference; lastKnownFileType = sourcecode.swift; path = TreeAnnotationView.swift; sourceTree = "<group>"; };
		CB2D4DA622959D0E006DAC37 /* DataSourceTests.swift */ = {isa = PBXFileReference; lastKnownFileType = sourcecode.swift; path = DataSourceTests.swift; sourceTree = "<group>"; };
		CB672F1A229434DA00622B59 /* TreeDisplayViewController.swift */ = {isa = PBXFileReference; lastKnownFileType = sourcecode.swift; path = TreeDisplayViewController.swift; sourceTree = "<group>"; };
		CB6953B7228EE8720002024B /* Tree.swift */ = {isa = PBXFileReference; lastKnownFileType = sourcecode.swift; path = Tree.swift; sourceTree = "<group>"; };
		CB6953B9228EE9530002024B /* DataSource.swift */ = {isa = PBXFileReference; lastKnownFileType = sourcecode.swift; path = DataSource.swift; sourceTree = "<group>"; };
		CB80E3BC22AFD578001A78AE /* DataManager.swift */ = {isa = PBXFileReference; lastKnownFileType = sourcecode.swift; path = DataManager.swift; sourceTree = "<group>"; };
		CB80E3BE22AFD657001A78AE /* AlertManager.swift */ = {isa = PBXFileReference; lastKnownFileType = sourcecode.swift; path = AlertManager.swift; sourceTree = "<group>"; };
		CB80E3C022AFD753001A78AE /* LocationManager.swift */ = {isa = PBXFileReference; lastKnownFileType = sourcecode.swift; path = LocationManager.swift; sourceTree = "<group>"; };
		CB80E3C222AFD909001A78AE /* PreferencesManager.swift */ = {isa = PBXFileReference; lastKnownFileType = sourcecode.swift; path = PreferencesManager.swift; sourceTree = "<group>"; };
		CB9A1C0122BBCC1F00D1067E /* PendingTreesTableViewController.swift */ = {isa = PBXFileReference; lastKnownFileType = sourcecode.swift; path = PendingTreesTableViewController.swift; sourceTree = "<group>"; };
		CB9F423C22A548D700C97F70 /* NameFormatterTests.swift */ = {isa = PBXFileReference; lastKnownFileType = sourcecode.swift; path = NameFormatterTests.swift; sourceTree = "<group>"; };
		CB9F424222A55F3A00C97F70 /* TreeSapIOSUITests.xctest */ = {isa = PBXFileReference; explicitFileType = wrapper.cfbundle; includeInIndex = 0; path = TreeSapIOSUITests.xctest; sourceTree = BUILT_PRODUCTS_DIR; };
		CB9F424422A55F3A00C97F70 /* TreeSapIOSUITests.swift */ = {isa = PBXFileReference; lastKnownFileType = sourcecode.swift; path = TreeSapIOSUITests.swift; sourceTree = "<group>"; };
		CB9F424622A55F3A00C97F70 /* Info.plist */ = {isa = PBXFileReference; lastKnownFileType = text.plist.xml; path = Info.plist; sourceTree = "<group>"; };
		CB9F425022A5B0D800C97F70 /* AddTreePageViewController.swift */ = {isa = PBXFileReference; lastKnownFileType = sourcecode.swift; path = AddTreePageViewController.swift; sourceTree = "<group>"; };
		CBA9171D22B7DE8C00BA75B2 /* FirebaseDataSource.swift */ = {isa = PBXFileReference; lastKnownFileType = sourcecode.swift; path = FirebaseDataSource.swift; sourceTree = "<group>"; };
		CBB264B722973C6C00C036FB /* DataSourceTableViewController.swift */ = {isa = PBXFileReference; lastKnownFileType = sourcecode.swift; path = DataSourceTableViewController.swift; sourceTree = "<group>"; };
		CBBCE827228DD76B008F7225 /* TreeSapIOS.app */ = {isa = PBXFileReference; explicitFileType = wrapper.application; includeInIndex = 0; path = TreeSapIOS.app; sourceTree = BUILT_PRODUCTS_DIR; };
		CBBCE82A228DD76B008F7225 /* AppDelegate.swift */ = {isa = PBXFileReference; lastKnownFileType = sourcecode.swift; path = AppDelegate.swift; sourceTree = "<group>"; };
		CBBCE82C228DD76B008F7225 /* ButtonViewController.swift */ = {isa = PBXFileReference; lastKnownFileType = sourcecode.swift; path = ButtonViewController.swift; sourceTree = "<group>"; };
		CBBCE82E228DD76B008F7225 /* CoordinatesViewController.swift */ = {isa = PBXFileReference; lastKnownFileType = sourcecode.swift; path = CoordinatesViewController.swift; sourceTree = "<group>"; };
		CBBCE831228DD76B008F7225 /* Base */ = {isa = PBXFileReference; lastKnownFileType = file.storyboard; name = Base; path = Base.lproj/Main.storyboard; sourceTree = "<group>"; };
		CBBCE833228DD777008F7225 /* Assets.xcassets */ = {isa = PBXFileReference; lastKnownFileType = folder.assetcatalog; path = Assets.xcassets; sourceTree = "<group>"; };
		CBBCE836228DD777008F7225 /* Base */ = {isa = PBXFileReference; lastKnownFileType = file.storyboard; name = Base; path = Base.lproj/LaunchScreen.storyboard; sourceTree = "<group>"; };
		CBBCE838228DD777008F7225 /* Info.plist */ = {isa = PBXFileReference; lastKnownFileType = text.plist.xml; path = Info.plist; sourceTree = "<group>"; };
		CBBCE83D228DD777008F7225 /* TreeSapIOSTests.xctest */ = {isa = PBXFileReference; explicitFileType = wrapper.cfbundle; includeInIndex = 0; path = TreeSapIOSTests.xctest; sourceTree = BUILT_PRODUCTS_DIR; };
		CBBCE841228DD777008F7225 /* TreeSapIOSTests.swift */ = {isa = PBXFileReference; lastKnownFileType = sourcecode.swift; path = TreeSapIOSTests.swift; sourceTree = "<group>"; };
		CBBCE843228DD777008F7225 /* Info.plist */ = {isa = PBXFileReference; lastKnownFileType = text.plist.xml; path = Info.plist; sourceTree = "<group>"; };
		CBBCE84C228DD847008F7225 /* MapViewController.swift */ = {isa = PBXFileReference; lastKnownFileType = sourcecode.swift; path = MapViewController.swift; sourceTree = "<group>"; };
		CBBCE84E228DD93E008F7225 /* QRCodeViewController.swift */ = {isa = PBXFileReference; lastKnownFileType = sourcecode.swift; path = QRCodeViewController.swift; sourceTree = "<group>"; };
		CBBCE850228DD9B1008F7225 /* SettingsViewController.swift */ = {isa = PBXFileReference; lastKnownFileType = sourcecode.swift; path = SettingsViewController.swift; sourceTree = "<group>"; };
		CBC7BC9722B93AC8002D4B98 /* HideKeyboard.swift */ = {isa = PBXFileReference; lastKnownFileType = sourcecode.swift; path = HideKeyboard.swift; sourceTree = "<group>"; };
		CBE8788F22957A1300C06E69 /* TreeAnnotation.swift */ = {isa = PBXFileReference; lastKnownFileType = sourcecode.swift; path = TreeAnnotation.swift; sourceTree = "<group>"; };
		CBF89EDB22B2BBC600045670 /* CSVDataSource.swift */ = {isa = PBXFileReference; lastKnownFileType = sourcecode.swift; path = CSVDataSource.swift; sourceTree = "<group>"; };
		CBF89EE122B3F40600045670 /* DatabaseManager.swift */ = {isa = PBXFileReference; lastKnownFileType = sourcecode.swift; path = DatabaseManager.swift; sourceTree = "<group>"; };
		CBFD63C02295A1E800804DC4 /* NameFormatter.swift */ = {isa = PBXFileReference; lastKnownFileType = sourcecode.swift; path = NameFormatter.swift; sourceTree = "<group>"; };
		D76D617E22931990003FFD24 /* CSVFormat.swift */ = {isa = PBXFileReference; lastKnownFileType = sourcecode.swift; path = CSVFormat.swift; sourceTree = "<group>"; };
		D76D6182229321E7003FFD24 /* TreeFinder.swift */ = {isa = PBXFileReference; lastKnownFileType = sourcecode.swift; path = TreeFinder.swift; sourceTree = "<group>"; };
		D77029D522B0449E00671CC0 /* GoogleService-Info.plist */ = {isa = PBXFileReference; fileEncoding = 4; lastKnownFileType = text.plist.xml; path = "GoogleService-Info.plist"; sourceTree = "<group>"; };
		D77029DC22B1293A00671CC0 /* AccountManager.swift */ = {isa = PBXFileReference; lastKnownFileType = sourcecode.swift; path = AccountManager.swift; sourceTree = "<group>"; };
		D77029DE22B12C7300671CC0 /* LoginSignupViewController.swift */ = {isa = PBXFileReference; lastKnownFileType = sourcecode.swift; path = LoginSignupViewController.swift; sourceTree = "<group>"; };
		D77029E022B16BDD00671CC0 /* AccountTableViewController.swift */ = {isa = PBXFileReference; lastKnownFileType = sourcecode.swift; path = AccountTableViewController.swift; sourceTree = "<group>"; };
		D7755F6722DA6B48E552032C /* Pods-TreeSapIOS.debug.xcconfig */ = {isa = PBXFileReference; includeInIndex = 1; lastKnownFileType = text.xcconfig; name = "Pods-TreeSapIOS.debug.xcconfig"; path = "Target Support Files/Pods-TreeSapIOS/Pods-TreeSapIOS.debug.xcconfig"; sourceTree = "<group>"; };
/* End PBXFileReference section */

/* Begin PBXFrameworksBuildPhase section */
		CB9F423F22A55F3A00C97F70 /* Frameworks */ = {
			isa = PBXFrameworksBuildPhase;
			buildActionMask = 2147483647;
			files = (
				9325BCC7D7C18D578601373C /* libPods-TreeSapIOSUITests.a in Frameworks */,
			);
			runOnlyForDeploymentPostprocessing = 0;
		};
		CBBCE824228DD76B008F7225 /* Frameworks */ = {
			isa = PBXFrameworksBuildPhase;
			buildActionMask = 2147483647;
			files = (
				61E1EFDD5187EC1C7241B025 /* libPods-TreeSapIOS.a in Frameworks */,
			);
			runOnlyForDeploymentPostprocessing = 0;
		};
		CBBCE83A228DD777008F7225 /* Frameworks */ = {
			isa = PBXFrameworksBuildPhase;
			buildActionMask = 2147483647;
			files = (
				0B85D9CFEC2032A626AC6A93 /* libPods-TreeSapIOSTests.a in Frameworks */,
			);
			runOnlyForDeploymentPostprocessing = 0;
		};
/* End PBXFrameworksBuildPhase section */

/* Begin PBXGroup section */
		418A360B22A83BEA002BF28C /* loadingScreen */ = {
			isa = PBXGroup;
			children = (
				418A360C22A83CD3002BF28C /* LoadingScreenViewController.swift */,
			);
			path = loadingScreen;
			sourceTree = "<group>";
		};
		41FE11EB22B18C5600919026 /* Settings Tests */ = {
			isa = PBXGroup;
			children = (
				41F52F1A22AFE02500E2ACE8 /* SettingsViewControllerTests.swift */,
				41FE11EC22B18C8F00919026 /* DataSourceAvailabilityTableTests.swift */,
				41AD85EB22BAAAD700DAB44B /* MoreInformationTests.swift */,
				41AD85ED22BAC0C200DAB44B /* AccountSettingsTests.swift */,
			);
			path = "Settings Tests";
			sourceTree = "<group>";
		};
		6513C0878CC415B2C584B34B /* Frameworks */ = {
			isa = PBXGroup;
			children = (
				B77358D36DBDDED4196CADD2 /* libPods-TreeSapIOS.a */,
				04069877CBA1FE325848DCEC /* libPods-TreeSapIOSTests.a */,
				84439420E68F648C297A16CA /* libPods-TreeSapIOSUITests.a */,
			);
			name = Frameworks;
			sourceTree = "<group>";
		};
		9C9A1EE661337DC862C941EA /* Pods */ = {
			isa = PBXGroup;
			children = (
				D7755F6722DA6B48E552032C /* Pods-TreeSapIOS.debug.xcconfig */,
				657C7C57D15B44ECCED1E51C /* Pods-TreeSapIOS.release.xcconfig */,
				69FCB8763D3803D7045729DF /* Pods-TreeSapIOSTests.debug.xcconfig */,
				032803B715E7C1F1944B7370 /* Pods-TreeSapIOSTests.release.xcconfig */,
				668AAD7604AA46A0D823F819 /* Pods-TreeSapIOSUITests.debug.xcconfig */,
				51923197E0B1EB112DB21162 /* Pods-TreeSapIOSUITests.release.xcconfig */,
			);
			path = Pods;
			sourceTree = "<group>";
		};
		BCECB2C922A159080045C548 /* Model Tests */ = {
			isa = PBXGroup;
			children = (
				CB2D4DA622959D0E006DAC37 /* DataSourceTests.swift */,
				BCECB2CC22A1598A0045C548 /* TreeFinderTests.swift */,
				CB9F423C22A548D700C97F70 /* NameFormatterTests.swift */,
				4101181B22A6FA5600EDE6D8 /* UserPreferenceTests.swift */,
				41F52F1622AFD16200E2ACE8 /* TreeTests.swift */,
				41F52F1822AFD91B00E2ACE8 /* TreeAnnotationTests.swift */,
			);
			path = "Model Tests";
			sourceTree = "<group>";
		};
		BCECB2CB22A159190045C548 /* Controller Tests */ = {
			isa = PBXGroup;
			children = (
			);
			path = "Controller Tests";
			sourceTree = "<group>";
		};
		CB6953B4228EE4300002024B /* controller */ = {
			isa = PBXGroup;
			children = (
				418A360B22A83BEA002BF28C /* loadingScreen */,
				CB9F424F22A5AE0B00C97F70 /* tabs */,
				CB9F424E22A5AE0100C97F70 /* settings */,
				CB9F424D22A5ADF800C97F70 /* addTree */,
				CB9F424C22A5ADD200C97F70 /* treeDetail */,
				CBC7BC9722B93AC8002D4B98 /* HideKeyboard.swift */,
			);
			path = controller;
			sourceTree = "<group>";
		};
		CB6953B5228EE4AE0002024B /* model */ = {
			isa = PBXGroup;
			children = (
				CB80E3C422AFF19C001A78AE /* stateManagers */,
				CB6953B7228EE8720002024B /* Tree.swift */,
				CBA9172122B8046200BA75B2 /* dataSources */,
				D76D617E22931990003FFD24 /* CSVFormat.swift */,
				D76D6182229321E7003FFD24 /* TreeFinder.swift */,
				CBE8788F22957A1300C06E69 /* TreeAnnotation.swift */,
				CBFD63C02295A1E800804DC4 /* NameFormatter.swift */,
			);
			path = model;
			sourceTree = "<group>";
		};
		CB6953B6228EE4C30002024B /* view */ = {
			isa = PBXGroup;
			children = (
				CBBCE835228DD777008F7225 /* LaunchScreen.storyboard */,
				CBBCE830228DD76B008F7225 /* Main.storyboard */,
				CB15256922A69941002D483E /* FilledButton.swift */,
				CB2D4DA422958548006DAC37 /* TreeAnnotationView.swift */,
			);
			path = view;
			sourceTree = "<group>";
		};
		CB80E3C422AFF19C001A78AE /* stateManagers */ = {
			isa = PBXGroup;
			children = (
				CB80E3BC22AFD578001A78AE /* DataManager.swift */,
				CB80E3BE22AFD657001A78AE /* AlertManager.swift */,
				CB80E3C022AFD753001A78AE /* LocationManager.swift */,
				CB80E3C222AFD909001A78AE /* PreferencesManager.swift */,
				D77029DC22B1293A00671CC0 /* AccountManager.swift */,
				CBF89EE122B3F40600045670 /* DatabaseManager.swift */,
			);
			path = stateManagers;
			sourceTree = "<group>";
		};
		CB9F424322A55F3A00C97F70 /* TreeSapIOSUITests */ = {
			isa = PBXGroup;
			children = (
				41FE11EB22B18C5600919026 /* Settings Tests */,
				CB9F424422A55F3A00C97F70 /* TreeSapIOSUITests.swift */,
				CB9F424622A55F3A00C97F70 /* Info.plist */,
			);
			path = TreeSapIOSUITests;
			sourceTree = "<group>";
		};
		CB9F424C22A5ADD200C97F70 /* treeDetail */ = {
			isa = PBXGroup;
			children = (
				CB12C94E228DF85D000C74C3 /* TreeDetailPageViewController.swift */,
				CB672F1A229434DA00622B59 /* TreeDisplayViewController.swift */,
				CB12C94C228DF5C4000C74C3 /* SimpleDisplayViewController.swift */,
				CB12C950228DFA12000C74C3 /* PieChartDisplayViewController.swift */,
				CB12C94A228DF508000C74C3 /* BenefitsDisplayViewController.swift */,
			);
			path = treeDetail;
			sourceTree = "<group>";
		};
		CB9F424D22A5ADF800C97F70 /* addTree */ = {
			isa = PBXGroup;
			children = (
				CB9F425022A5B0D800C97F70 /* AddTreePageViewController.swift */,
				CB15256D22A6A231002D483E /* AddTreeViewController.swift */,
				CB15256B22A6A00F002D483E /* AddTreeLocationViewController.swift */,
				CB15257722A6B1DF002D483E /* AddTreePhotoViewController.swift */,
				CB15257122A6A366002D483E /* AddTreeBarkViewController.swift */,
				CB15257322A6A387002D483E /* AddTreeLeafViewController.swift */,
				CB15257522A6A3D4002D483E /* AddTreeEntireViewController.swift */,
				CB15256F22A6A2F7002D483E /* AddTreeOtherViewController.swift */,
			);
			path = addTree;
			sourceTree = "<group>";
		};
		CB9F424E22A5AE0100C97F70 /* settings */ = {
			isa = PBXGroup;
			children = (
				CBBCE850228DD9B1008F7225 /* SettingsViewController.swift */,
				CBB264B722973C6C00C036FB /* DataSourceTableViewController.swift */,
				CB9A1C0122BBCC1F00D1067E /* PendingTreesTableViewController.swift */,
				D77029E022B16BDD00671CC0 /* AccountTableViewController.swift */,
				D77029DE22B12C7300671CC0 /* LoginSignupViewController.swift */,
				41AD85E522BA933E00DAB44B /* MoreInformationViewController.swift */,
			);
			path = settings;
			sourceTree = "<group>";
		};
		CB9F424F22A5AE0B00C97F70 /* tabs */ = {
			isa = PBXGroup;
			children = (
				CB091E702292EBCF00F0CB06 /* HomeViewController.swift */,
				CBBCE82C228DD76B008F7225 /* ButtonViewController.swift */,
				CBBCE82E228DD76B008F7225 /* CoordinatesViewController.swift */,
				CBBCE84C228DD847008F7225 /* MapViewController.swift */,
				CBBCE84E228DD93E008F7225 /* QRCodeViewController.swift */,
			);
			path = tabs;
			sourceTree = "<group>";
		};
		CBA9172122B8046200BA75B2 /* dataSources */ = {
			isa = PBXGroup;
			children = (
				CB6953B9228EE9530002024B /* DataSource.swift */,
				CBF89EDB22B2BBC600045670 /* CSVDataSource.swift */,
				CBA9171D22B7DE8C00BA75B2 /* FirebaseDataSource.swift */,
			);
			path = dataSources;
			sourceTree = "<group>";
		};
		CBBCE81E228DD76B008F7225 = {
			isa = PBXGroup;
			children = (
				CBBCE829228DD76B008F7225 /* TreeSapIOS */,
				CBBCE840228DD777008F7225 /* TreeSapIOSTests */,
				CB9F424322A55F3A00C97F70 /* TreeSapIOSUITests */,
				CBBCE828228DD76B008F7225 /* Products */,
				9C9A1EE661337DC862C941EA /* Pods */,
				6513C0878CC415B2C584B34B /* Frameworks */,
			);
			sourceTree = "<group>";
		};
		CBBCE828228DD76B008F7225 /* Products */ = {
			isa = PBXGroup;
			children = (
				CBBCE827228DD76B008F7225 /* TreeSapIOS.app */,
				CBBCE83D228DD777008F7225 /* TreeSapIOSTests.xctest */,
				CB9F424222A55F3A00C97F70 /* TreeSapIOSUITests.xctest */,
			);
			name = Products;
			sourceTree = "<group>";
		};
		CBBCE829228DD76B008F7225 /* TreeSapIOS */ = {
			isa = PBXGroup;
			children = (
				CBBCE82A228DD76B008F7225 /* AppDelegate.swift */,
				CB6953B5228EE4AE0002024B /* model */,
				CB6953B6228EE4C30002024B /* view */,
				CB6953B4228EE4300002024B /* controller */,
				CBBCE833228DD777008F7225 /* Assets.xcassets */,
				CBBCE838228DD777008F7225 /* Info.plist */,
				D77029D522B0449E00671CC0 /* GoogleService-Info.plist */,
			);
			path = TreeSapIOS;
			sourceTree = "<group>";
		};
		CBBCE840228DD777008F7225 /* TreeSapIOSTests */ = {
			isa = PBXGroup;
			children = (
				BCECB2CB22A159190045C548 /* Controller Tests */,
				BCECB2C922A159080045C548 /* Model Tests */,
				CBBCE841228DD777008F7225 /* TreeSapIOSTests.swift */,
				CBBCE843228DD777008F7225 /* Info.plist */,
			);
			path = TreeSapIOSTests;
			sourceTree = "<group>";
		};
/* End PBXGroup section */

/* Begin PBXNativeTarget section */
		CB9F424122A55F3A00C97F70 /* TreeSapIOSUITests */ = {
			isa = PBXNativeTarget;
			buildConfigurationList = CB9F424922A55F3A00C97F70 /* Build configuration list for PBXNativeTarget "TreeSapIOSUITests" */;
			buildPhases = (
				5D6BD0164A711E9126F8369E /* [CP] Check Pods Manifest.lock */,
				CB9F423E22A55F3A00C97F70 /* Sources */,
				CB9F423F22A55F3A00C97F70 /* Frameworks */,
				CB9F424022A55F3A00C97F70 /* Resources */,
				081A6CA35DB9582E60A884E9 /* [CP] Copy Pods Resources */,
			);
			buildRules = (
			);
			dependencies = (
				CB9F424822A55F3A00C97F70 /* PBXTargetDependency */,
			);
			name = TreeSapIOSUITests;
			productName = TreeSapIOSUITests;
			productReference = CB9F424222A55F3A00C97F70 /* TreeSapIOSUITests.xctest */;
			productType = "com.apple.product-type.bundle.ui-testing";
		};
		CBBCE826228DD76B008F7225 /* TreeSapIOS */ = {
			isa = PBXNativeTarget;
			buildConfigurationList = CBBCE846228DD777008F7225 /* Build configuration list for PBXNativeTarget "TreeSapIOS" */;
			buildPhases = (
				80D7DD2DD60237A802BA7AE6 /* [CP] Check Pods Manifest.lock */,
				CBBCE823228DD76B008F7225 /* Sources */,
				CBBCE824228DD76B008F7225 /* Frameworks */,
				CBBCE825228DD76B008F7225 /* Resources */,
				CBDDC00122A1727E009A64D7 /* Embed Frameworks */,
				02184880B294883D0634C412 /* [CP] Copy Pods Resources */,
			);
			buildRules = (
			);
			dependencies = (
			);
			name = TreeSapIOS;
			productName = TreeSapIOS;
			productReference = CBBCE827228DD76B008F7225 /* TreeSapIOS.app */;
			productType = "com.apple.product-type.application";
		};
		CBBCE83C228DD777008F7225 /* TreeSapIOSTests */ = {
			isa = PBXNativeTarget;
			buildConfigurationList = CBBCE849228DD777008F7225 /* Build configuration list for PBXNativeTarget "TreeSapIOSTests" */;
			buildPhases = (
				44C2AD8A95FA7814CA01F241 /* [CP] Check Pods Manifest.lock */,
				CBBCE839228DD777008F7225 /* Sources */,
				CBBCE83A228DD777008F7225 /* Frameworks */,
				CBBCE83B228DD777008F7225 /* Resources */,
				9659E62C063D1840506775D2 /* [CP] Copy Pods Resources */,
			);
			buildRules = (
			);
			dependencies = (
				CBBCE83F228DD777008F7225 /* PBXTargetDependency */,
			);
			name = TreeSapIOSTests;
			productName = TreeSapIOSTests;
			productReference = CBBCE83D228DD777008F7225 /* TreeSapIOSTests.xctest */;
			productType = "com.apple.product-type.bundle.unit-test";
		};
/* End PBXNativeTarget section */

/* Begin PBXProject section */
		CBBCE81F228DD76B008F7225 /* Project object */ = {
			isa = PBXProject;
			attributes = {
				LastSwiftUpdateCheck = 1020;
				LastUpgradeCheck = 1020;
				ORGANIZATIONNAME = "Hope CS";
				TargetAttributes = {
					CB9F424122A55F3A00C97F70 = {
						CreatedOnToolsVersion = 10.2.1;
						TestTargetID = CBBCE826228DD76B008F7225;
					};
					CBBCE826228DD76B008F7225 = {
						CreatedOnToolsVersion = 10.2.1;
					};
					CBBCE83C228DD777008F7225 = {
						CreatedOnToolsVersion = 10.2.1;
						TestTargetID = CBBCE826228DD76B008F7225;
					};
				};
			};
			buildConfigurationList = CBBCE822228DD76B008F7225 /* Build configuration list for PBXProject "TreeSapIOS" */;
			compatibilityVersion = "Xcode 9.3";
			developmentRegion = en;
			hasScannedForEncodings = 0;
			knownRegions = (
				en,
				Base,
			);
			mainGroup = CBBCE81E228DD76B008F7225;
			productRefGroup = CBBCE828228DD76B008F7225 /* Products */;
			projectDirPath = "";
			projectRoot = "";
			targets = (
				CBBCE826228DD76B008F7225 /* TreeSapIOS */,
				CBBCE83C228DD777008F7225 /* TreeSapIOSTests */,
				CB9F424122A55F3A00C97F70 /* TreeSapIOSUITests */,
			);
		};
/* End PBXProject section */

/* Begin PBXResourcesBuildPhase section */
		CB9F424022A55F3A00C97F70 /* Resources */ = {
			isa = PBXResourcesBuildPhase;
			buildActionMask = 2147483647;
			files = (
			);
			runOnlyForDeploymentPostprocessing = 0;
		};
		CBBCE825228DD76B008F7225 /* Resources */ = {
			isa = PBXResourcesBuildPhase;
			buildActionMask = 2147483647;
			files = (
				CBBCE837228DD777008F7225 /* LaunchScreen.storyboard in Resources */,
				D77029D622B0449E00671CC0 /* GoogleService-Info.plist in Resources */,
				CBBCE834228DD777008F7225 /* Assets.xcassets in Resources */,
				CBBCE832228DD76B008F7225 /* Main.storyboard in Resources */,
			);
			runOnlyForDeploymentPostprocessing = 0;
		};
		CBBCE83B228DD777008F7225 /* Resources */ = {
			isa = PBXResourcesBuildPhase;
			buildActionMask = 2147483647;
			files = (
			);
			runOnlyForDeploymentPostprocessing = 0;
		};
/* End PBXResourcesBuildPhase section */

/* Begin PBXShellScriptBuildPhase section */
		02184880B294883D0634C412 /* [CP] Copy Pods Resources */ = {
			isa = PBXShellScriptBuildPhase;
			buildActionMask = 2147483647;
			files = (
			);
			inputFileListPaths = (
				"${PODS_ROOT}/Target Support Files/Pods-TreeSapIOS/Pods-TreeSapIOS-resources-${CONFIGURATION}-input-files.xcfilelist",
			);
			name = "[CP] Copy Pods Resources";
			outputFileListPaths = (
				"${PODS_ROOT}/Target Support Files/Pods-TreeSapIOS/Pods-TreeSapIOS-resources-${CONFIGURATION}-output-files.xcfilelist",
			);
			runOnlyForDeploymentPostprocessing = 0;
			shellPath = /bin/sh;
			shellScript = "\"${PODS_ROOT}/Target Support Files/Pods-TreeSapIOS/Pods-TreeSapIOS-resources.sh\"\n";
			showEnvVarsInLog = 0;
		};
		081A6CA35DB9582E60A884E9 /* [CP] Copy Pods Resources */ = {
			isa = PBXShellScriptBuildPhase;
			buildActionMask = 2147483647;
			files = (
			);
			inputFileListPaths = (
				"${PODS_ROOT}/Target Support Files/Pods-TreeSapIOSUITests/Pods-TreeSapIOSUITests-resources-${CONFIGURATION}-input-files.xcfilelist",
			);
			name = "[CP] Copy Pods Resources";
			outputFileListPaths = (
				"${PODS_ROOT}/Target Support Files/Pods-TreeSapIOSUITests/Pods-TreeSapIOSUITests-resources-${CONFIGURATION}-output-files.xcfilelist",
			);
			runOnlyForDeploymentPostprocessing = 0;
			shellPath = /bin/sh;
			shellScript = "\"${PODS_ROOT}/Target Support Files/Pods-TreeSapIOSUITests/Pods-TreeSapIOSUITests-resources.sh\"\n";
			showEnvVarsInLog = 0;
		};
		44C2AD8A95FA7814CA01F241 /* [CP] Check Pods Manifest.lock */ = {
			isa = PBXShellScriptBuildPhase;
			buildActionMask = 2147483647;
			files = (
			);
			inputFileListPaths = (
			);
			inputPaths = (
				"${PODS_PODFILE_DIR_PATH}/Podfile.lock",
				"${PODS_ROOT}/Manifest.lock",
			);
			name = "[CP] Check Pods Manifest.lock";
			outputFileListPaths = (
			);
			outputPaths = (
				"$(DERIVED_FILE_DIR)/Pods-TreeSapIOSTests-checkManifestLockResult.txt",
			);
			runOnlyForDeploymentPostprocessing = 0;
			shellPath = /bin/sh;
			shellScript = "diff \"${PODS_PODFILE_DIR_PATH}/Podfile.lock\" \"${PODS_ROOT}/Manifest.lock\" > /dev/null\nif [ $? != 0 ] ; then\n    # print error to STDERR\n    echo \"error: The sandbox is not in sync with the Podfile.lock. Run 'pod install' or update your CocoaPods installation.\" >&2\n    exit 1\nfi\n# This output is used by Xcode 'outputs' to avoid re-running this script phase.\necho \"SUCCESS\" > \"${SCRIPT_OUTPUT_FILE_0}\"\n";
			showEnvVarsInLog = 0;
		};
		5D6BD0164A711E9126F8369E /* [CP] Check Pods Manifest.lock */ = {
			isa = PBXShellScriptBuildPhase;
			buildActionMask = 2147483647;
			files = (
			);
			inputFileListPaths = (
			);
			inputPaths = (
				"${PODS_PODFILE_DIR_PATH}/Podfile.lock",
				"${PODS_ROOT}/Manifest.lock",
			);
			name = "[CP] Check Pods Manifest.lock";
			outputFileListPaths = (
			);
			outputPaths = (
				"$(DERIVED_FILE_DIR)/Pods-TreeSapIOSUITests-checkManifestLockResult.txt",
			);
			runOnlyForDeploymentPostprocessing = 0;
			shellPath = /bin/sh;
			shellScript = "diff \"${PODS_PODFILE_DIR_PATH}/Podfile.lock\" \"${PODS_ROOT}/Manifest.lock\" > /dev/null\nif [ $? != 0 ] ; then\n    # print error to STDERR\n    echo \"error: The sandbox is not in sync with the Podfile.lock. Run 'pod install' or update your CocoaPods installation.\" >&2\n    exit 1\nfi\n# This output is used by Xcode 'outputs' to avoid re-running this script phase.\necho \"SUCCESS\" > \"${SCRIPT_OUTPUT_FILE_0}\"\n";
			showEnvVarsInLog = 0;
		};
		80D7DD2DD60237A802BA7AE6 /* [CP] Check Pods Manifest.lock */ = {
			isa = PBXShellScriptBuildPhase;
			buildActionMask = 2147483647;
			files = (
			);
			inputFileListPaths = (
			);
			inputPaths = (
				"${PODS_PODFILE_DIR_PATH}/Podfile.lock",
				"${PODS_ROOT}/Manifest.lock",
			);
			name = "[CP] Check Pods Manifest.lock";
			outputFileListPaths = (
			);
			outputPaths = (
				"$(DERIVED_FILE_DIR)/Pods-TreeSapIOS-checkManifestLockResult.txt",
			);
			runOnlyForDeploymentPostprocessing = 0;
			shellPath = /bin/sh;
			shellScript = "diff \"${PODS_PODFILE_DIR_PATH}/Podfile.lock\" \"${PODS_ROOT}/Manifest.lock\" > /dev/null\nif [ $? != 0 ] ; then\n    # print error to STDERR\n    echo \"error: The sandbox is not in sync with the Podfile.lock. Run 'pod install' or update your CocoaPods installation.\" >&2\n    exit 1\nfi\n# This output is used by Xcode 'outputs' to avoid re-running this script phase.\necho \"SUCCESS\" > \"${SCRIPT_OUTPUT_FILE_0}\"\n";
			showEnvVarsInLog = 0;
		};
		9659E62C063D1840506775D2 /* [CP] Copy Pods Resources */ = {
			isa = PBXShellScriptBuildPhase;
			buildActionMask = 2147483647;
			files = (
			);
			inputFileListPaths = (
				"${PODS_ROOT}/Target Support Files/Pods-TreeSapIOSTests/Pods-TreeSapIOSTests-resources-${CONFIGURATION}-input-files.xcfilelist",
			);
			name = "[CP] Copy Pods Resources";
			outputFileListPaths = (
				"${PODS_ROOT}/Target Support Files/Pods-TreeSapIOSTests/Pods-TreeSapIOSTests-resources-${CONFIGURATION}-output-files.xcfilelist",
			);
			runOnlyForDeploymentPostprocessing = 0;
			shellPath = /bin/sh;
			shellScript = "\"${PODS_ROOT}/Target Support Files/Pods-TreeSapIOSTests/Pods-TreeSapIOSTests-resources.sh\"\n";
			showEnvVarsInLog = 0;
		};
/* End PBXShellScriptBuildPhase section */

/* Begin PBXSourcesBuildPhase section */
		CB9F423E22A55F3A00C97F70 /* Sources */ = {
			isa = PBXSourcesBuildPhase;
			buildActionMask = 2147483647;
			files = (
				CB9F424522A55F3A00C97F70 /* TreeSapIOSUITests.swift in Sources */,
				41AD85EC22BAAAD700DAB44B /* MoreInformationTests.swift in Sources */,
				41AD85EE22BAC0C200DAB44B /* AccountSettingsTests.swift in Sources */,
				41FE11ED22B18C8F00919026 /* DataSourceAvailabilityTableTests.swift in Sources */,
				41F52F1B22AFE02500E2ACE8 /* SettingsViewControllerTests.swift in Sources */,
			);
			runOnlyForDeploymentPostprocessing = 0;
		};
		CBBCE823228DD76B008F7225 /* Sources */ = {
			isa = PBXSourcesBuildPhase;
			buildActionMask = 2147483647;
			files = (
				D77029DF22B12C7300671CC0 /* LoginSignupViewController.swift in Sources */,
				CB9F425122A5B0D800C97F70 /* AddTreePageViewController.swift in Sources */,
				CB12C94F228DF85D000C74C3 /* TreeDetailPageViewController.swift in Sources */,
				D76D6183229321E7003FFD24 /* TreeFinder.swift in Sources */,
				CB12C951228DFA12000C74C3 /* PieChartDisplayViewController.swift in Sources */,
				CBBCE82F228DD76B008F7225 /* CoordinatesViewController.swift in Sources */,
				CB15256A22A69941002D483E /* FilledButton.swift in Sources */,
				CB9A1C0222BBCC1F00D1067E /* PendingTreesTableViewController.swift in Sources */,
				CB80E3BF22AFD657001A78AE /* AlertManager.swift in Sources */,
				CB80E3C122AFD753001A78AE /* LocationManager.swift in Sources */,
				CB15256E22A6A231002D483E /* AddTreeViewController.swift in Sources */,
				D77029E122B16BDD00671CC0 /* AccountTableViewController.swift in Sources */,
				CB15256C22A6A00F002D483E /* AddTreeLocationViewController.swift in Sources */,
				CBBCE82B228DD76B008F7225 /* AppDelegate.swift in Sources */,
				CBBCE82D228DD76B008F7225 /* ButtonViewController.swift in Sources */,
				CBB264B822973C6C00C036FB /* DataSourceTableViewController.swift in Sources */,
				CBBCE84D228DD847008F7225 /* MapViewController.swift in Sources */,
				CBE8789022957A1300C06E69 /* TreeAnnotation.swift in Sources */,
				CB15257422A6A388002D483E /* AddTreeLeafViewController.swift in Sources */,
				CB80E3C322AFD909001A78AE /* PreferencesManager.swift in Sources */,
				CB6953BA228EE9530002024B /* DataSource.swift in Sources */,
				CB6953B8228EE8720002024B /* Tree.swift in Sources */,
				CB15257822A6B1DF002D483E /* AddTreePhotoViewController.swift in Sources */,
				CBBCE84F228DD93E008F7225 /* QRCodeViewController.swift in Sources */,
				CBA9171E22B7DE8C00BA75B2 /* FirebaseDataSource.swift in Sources */,
				CB15257222A6A366002D483E /* AddTreeBarkViewController.swift in Sources */,
				D77029DD22B1293A00671CC0 /* AccountManager.swift in Sources */,
				CB2D4DA522958548006DAC37 /* TreeAnnotationView.swift in Sources */,
				CB12C94D228DF5C4000C74C3 /* SimpleDisplayViewController.swift in Sources */,
				D76D617F22931990003FFD24 /* CSVFormat.swift in Sources */,
				CB12C94B228DF508000C74C3 /* BenefitsDisplayViewController.swift in Sources */,
				CB15257022A6A2F7002D483E /* AddTreeOtherViewController.swift in Sources */,
				CBFD63C12295A1E800804DC4 /* NameFormatter.swift in Sources */,
				CBF89EE222B3F40600045670 /* DatabaseManager.swift in Sources */,
				CB15257622A6A3D5002D483E /* AddTreeEntireViewController.swift in Sources */,
				CB091E712292EBCF00F0CB06 /* HomeViewController.swift in Sources */,
				CB80E3BD22AFD578001A78AE /* DataManager.swift in Sources */,
				41AD85E622BA933E00DAB44B /* MoreInformationViewController.swift in Sources */,
				CB672F1B229434DA00622B59 /* TreeDisplayViewController.swift in Sources */,
				CBBCE851228DD9B1008F7225 /* SettingsViewController.swift in Sources */,
				418A360D22A83CD3002BF28C /* LoadingScreenViewController.swift in Sources */,
				CBF89EDC22B2BBC600045670 /* CSVDataSource.swift in Sources */,
				CBC7BC9822B93AC8002D4B98 /* HideKeyboard.swift in Sources */,
			);
			runOnlyForDeploymentPostprocessing = 0;
		};
		CBBCE839228DD777008F7225 /* Sources */ = {
			isa = PBXSourcesBuildPhase;
			buildActionMask = 2147483647;
			files = (
				CB2D4DA722959D0E006DAC37 /* DataSourceTests.swift in Sources */,
				41F52F1722AFD16200E2ACE8 /* TreeTests.swift in Sources */,
				CBBCE842228DD777008F7225 /* TreeSapIOSTests.swift in Sources */,
				41F52F1922AFD91B00E2ACE8 /* TreeAnnotationTests.swift in Sources */,
				BCECB2CD22A1598A0045C548 /* TreeFinderTests.swift in Sources */,
				4101181C22A6FA5600EDE6D8 /* UserPreferenceTests.swift in Sources */,
				CB9F423D22A548D700C97F70 /* NameFormatterTests.swift in Sources */,
			);
			runOnlyForDeploymentPostprocessing = 0;
		};
/* End PBXSourcesBuildPhase section */

/* Begin PBXTargetDependency section */
		CB9F424822A55F3A00C97F70 /* PBXTargetDependency */ = {
			isa = PBXTargetDependency;
			target = CBBCE826228DD76B008F7225 /* TreeSapIOS */;
			targetProxy = CB9F424722A55F3A00C97F70 /* PBXContainerItemProxy */;
		};
		CBBCE83F228DD777008F7225 /* PBXTargetDependency */ = {
			isa = PBXTargetDependency;
			target = CBBCE826228DD76B008F7225 /* TreeSapIOS */;
			targetProxy = CBBCE83E228DD777008F7225 /* PBXContainerItemProxy */;
		};
/* End PBXTargetDependency section */

/* Begin PBXVariantGroup section */
		CBBCE830228DD76B008F7225 /* Main.storyboard */ = {
			isa = PBXVariantGroup;
			children = (
				CBBCE831228DD76B008F7225 /* Base */,
			);
			name = Main.storyboard;
			sourceTree = "<group>";
		};
		CBBCE835228DD777008F7225 /* LaunchScreen.storyboard */ = {
			isa = PBXVariantGroup;
			children = (
				CBBCE836228DD777008F7225 /* Base */,
			);
			name = LaunchScreen.storyboard;
			sourceTree = "<group>";
		};
/* End PBXVariantGroup section */

/* Begin XCBuildConfiguration section */
		CB9F424A22A55F3A00C97F70 /* Debug */ = {
			isa = XCBuildConfiguration;
			baseConfigurationReference = 668AAD7604AA46A0D823F819 /* Pods-TreeSapIOSUITests.debug.xcconfig */;
			buildSettings = {
				CODE_SIGN_STYLE = Automatic;
				DEVELOPMENT_TEAM = WX97JD2WLV;
				INFOPLIST_FILE = TreeSapIOSUITests/Info.plist;
				IPHONEOS_DEPLOYMENT_TARGET = 11.0;
				LD_RUNPATH_SEARCH_PATHS = (
					"$(inherited)",
					"@executable_path/Frameworks",
					"@loader_path/Frameworks",
				);
				PRODUCT_BUNDLE_IDENTIFIER = edu.hope.cs.TreeSapIOSUITests;
				PRODUCT_NAME = "$(TARGET_NAME)";
				SWIFT_VERSION = 5.0;
				TARGETED_DEVICE_FAMILY = "1,2";
				TEST_TARGET_NAME = TreeSapIOS;
			};
			name = Debug;
		};
		CB9F424B22A55F3A00C97F70 /* Release */ = {
			isa = XCBuildConfiguration;
			baseConfigurationReference = 51923197E0B1EB112DB21162 /* Pods-TreeSapIOSUITests.release.xcconfig */;
			buildSettings = {
				CODE_SIGN_STYLE = Automatic;
				DEVELOPMENT_TEAM = WX97JD2WLV;
				INFOPLIST_FILE = TreeSapIOSUITests/Info.plist;
				IPHONEOS_DEPLOYMENT_TARGET = 11.0;
				LD_RUNPATH_SEARCH_PATHS = (
					"$(inherited)",
					"@executable_path/Frameworks",
					"@loader_path/Frameworks",
				);
				PRODUCT_BUNDLE_IDENTIFIER = edu.hope.cs.TreeSapIOSUITests;
				PRODUCT_NAME = "$(TARGET_NAME)";
				SWIFT_VERSION = 5.0;
				TARGETED_DEVICE_FAMILY = "1,2";
				TEST_TARGET_NAME = TreeSapIOS;
			};
			name = Release;
		};
		CBBCE844228DD777008F7225 /* Debug */ = {
			isa = XCBuildConfiguration;
			buildSettings = {
				ALWAYS_SEARCH_USER_PATHS = NO;
				CLANG_ANALYZER_NONNULL = YES;
				CLANG_ANALYZER_NUMBER_OBJECT_CONVERSION = YES_AGGRESSIVE;
				CLANG_CXX_LANGUAGE_STANDARD = "gnu++14";
				CLANG_CXX_LIBRARY = "libc++";
				CLANG_ENABLE_MODULES = YES;
				CLANG_ENABLE_OBJC_ARC = YES;
				CLANG_ENABLE_OBJC_WEAK = YES;
				CLANG_WARN_BLOCK_CAPTURE_AUTORELEASING = YES;
				CLANG_WARN_BOOL_CONVERSION = YES;
				CLANG_WARN_COMMA = YES;
				CLANG_WARN_CONSTANT_CONVERSION = YES;
				CLANG_WARN_DEPRECATED_OBJC_IMPLEMENTATIONS = YES;
				CLANG_WARN_DIRECT_OBJC_ISA_USAGE = YES_ERROR;
				CLANG_WARN_DOCUMENTATION_COMMENTS = YES;
				CLANG_WARN_EMPTY_BODY = YES;
				CLANG_WARN_ENUM_CONVERSION = YES;
				CLANG_WARN_INFINITE_RECURSION = YES;
				CLANG_WARN_INT_CONVERSION = YES;
				CLANG_WARN_NON_LITERAL_NULL_CONVERSION = YES;
				CLANG_WARN_OBJC_IMPLICIT_RETAIN_SELF = YES;
				CLANG_WARN_OBJC_LITERAL_CONVERSION = YES;
				CLANG_WARN_OBJC_ROOT_CLASS = YES_ERROR;
				CLANG_WARN_RANGE_LOOP_ANALYSIS = YES;
				CLANG_WARN_STRICT_PROTOTYPES = YES;
				CLANG_WARN_SUSPICIOUS_MOVE = YES;
				CLANG_WARN_UNGUARDED_AVAILABILITY = YES_AGGRESSIVE;
				CLANG_WARN_UNREACHABLE_CODE = YES;
				CLANG_WARN__DUPLICATE_METHOD_MATCH = YES;
				CODE_SIGN_IDENTITY = "iPhone Developer";
				COPY_PHASE_STRIP = NO;
				DEBUG_INFORMATION_FORMAT = dwarf;
				ENABLE_STRICT_OBJC_MSGSEND = YES;
				ENABLE_TESTABILITY = YES;
				GCC_C_LANGUAGE_STANDARD = gnu11;
				GCC_DYNAMIC_NO_PIC = NO;
				GCC_NO_COMMON_BLOCKS = YES;
				GCC_OPTIMIZATION_LEVEL = 0;
				GCC_PREPROCESSOR_DEFINITIONS = (
					"DEBUG=1",
					"$(inherited)",
				);
				GCC_WARN_64_TO_32_BIT_CONVERSION = YES;
				GCC_WARN_ABOUT_RETURN_TYPE = YES_ERROR;
				GCC_WARN_UNDECLARED_SELECTOR = YES;
				GCC_WARN_UNINITIALIZED_AUTOS = YES_AGGRESSIVE;
				GCC_WARN_UNUSED_FUNCTION = YES;
				GCC_WARN_UNUSED_VARIABLE = YES;
				IPHONEOS_DEPLOYMENT_TARGET = 11.0;
				MTL_ENABLE_DEBUG_INFO = INCLUDE_SOURCE;
				MTL_FAST_MATH = YES;
				ONLY_ACTIVE_ARCH = YES;
				SDKROOT = iphoneos;
				SWIFT_ACTIVE_COMPILATION_CONDITIONS = DEBUG;
				SWIFT_OPTIMIZATION_LEVEL = "-Onone";
			};
			name = Debug;
		};
		CBBCE845228DD777008F7225 /* Release */ = {
			isa = XCBuildConfiguration;
			buildSettings = {
				ALWAYS_SEARCH_USER_PATHS = NO;
				CLANG_ANALYZER_NONNULL = YES;
				CLANG_ANALYZER_NUMBER_OBJECT_CONVERSION = YES_AGGRESSIVE;
				CLANG_CXX_LANGUAGE_STANDARD = "gnu++14";
				CLANG_CXX_LIBRARY = "libc++";
				CLANG_ENABLE_MODULES = YES;
				CLANG_ENABLE_OBJC_ARC = YES;
				CLANG_ENABLE_OBJC_WEAK = YES;
				CLANG_WARN_BLOCK_CAPTURE_AUTORELEASING = YES;
				CLANG_WARN_BOOL_CONVERSION = YES;
				CLANG_WARN_COMMA = YES;
				CLANG_WARN_CONSTANT_CONVERSION = YES;
				CLANG_WARN_DEPRECATED_OBJC_IMPLEMENTATIONS = YES;
				CLANG_WARN_DIRECT_OBJC_ISA_USAGE = YES_ERROR;
				CLANG_WARN_DOCUMENTATION_COMMENTS = YES;
				CLANG_WARN_EMPTY_BODY = YES;
				CLANG_WARN_ENUM_CONVERSION = YES;
				CLANG_WARN_INFINITE_RECURSION = YES;
				CLANG_WARN_INT_CONVERSION = YES;
				CLANG_WARN_NON_LITERAL_NULL_CONVERSION = YES;
				CLANG_WARN_OBJC_IMPLICIT_RETAIN_SELF = YES;
				CLANG_WARN_OBJC_LITERAL_CONVERSION = YES;
				CLANG_WARN_OBJC_ROOT_CLASS = YES_ERROR;
				CLANG_WARN_RANGE_LOOP_ANALYSIS = YES;
				CLANG_WARN_STRICT_PROTOTYPES = YES;
				CLANG_WARN_SUSPICIOUS_MOVE = YES;
				CLANG_WARN_UNGUARDED_AVAILABILITY = YES_AGGRESSIVE;
				CLANG_WARN_UNREACHABLE_CODE = YES;
				CLANG_WARN__DUPLICATE_METHOD_MATCH = YES;
				CODE_SIGN_IDENTITY = "iPhone Developer";
				COPY_PHASE_STRIP = NO;
				DEBUG_INFORMATION_FORMAT = "dwarf-with-dsym";
				ENABLE_NS_ASSERTIONS = NO;
				ENABLE_STRICT_OBJC_MSGSEND = YES;
				GCC_C_LANGUAGE_STANDARD = gnu11;
				GCC_NO_COMMON_BLOCKS = YES;
				GCC_WARN_64_TO_32_BIT_CONVERSION = YES;
				GCC_WARN_ABOUT_RETURN_TYPE = YES_ERROR;
				GCC_WARN_UNDECLARED_SELECTOR = YES;
				GCC_WARN_UNINITIALIZED_AUTOS = YES_AGGRESSIVE;
				GCC_WARN_UNUSED_FUNCTION = YES;
				GCC_WARN_UNUSED_VARIABLE = YES;
				IPHONEOS_DEPLOYMENT_TARGET = 11.0;
				MTL_ENABLE_DEBUG_INFO = NO;
				MTL_FAST_MATH = YES;
				SDKROOT = iphoneos;
				SWIFT_COMPILATION_MODE = wholemodule;
				SWIFT_OPTIMIZATION_LEVEL = "-O";
				VALIDATE_PRODUCT = YES;
			};
			name = Release;
		};
		CBBCE847228DD777008F7225 /* Debug */ = {
			isa = XCBuildConfiguration;
			baseConfigurationReference = D7755F6722DA6B48E552032C /* Pods-TreeSapIOS.debug.xcconfig */;
			buildSettings = {
				ALWAYS_EMBED_SWIFT_STANDARD_LIBRARIES = YES;
				ASSETCATALOG_COMPILER_APPICON_NAME = appIcon;
				CODE_SIGN_STYLE = Automatic;
				DEVELOPMENT_TEAM = WX97JD2WLV;
				INFOPLIST_FILE = TreeSapIOS/Info.plist;
				IPHONEOS_DEPLOYMENT_TARGET = 11.0;
				LD_RUNPATH_SEARCH_PATHS = (
					"$(inherited)",
					"@executable_path/Frameworks",
				);
				PRODUCT_BUNDLE_IDENTIFIER = edu.hope.cs.ios.TreeSap;
				PRODUCT_NAME = "$(TARGET_NAME)";
				SWIFT_VERSION = 5.0;
				TARGETED_DEVICE_FAMILY = "1,2";
			};
			name = Debug;
		};
		CBBCE848228DD777008F7225 /* Release */ = {
			isa = XCBuildConfiguration;
			baseConfigurationReference = 657C7C57D15B44ECCED1E51C /* Pods-TreeSapIOS.release.xcconfig */;
			buildSettings = {
				ALWAYS_EMBED_SWIFT_STANDARD_LIBRARIES = YES;
				ASSETCATALOG_COMPILER_APPICON_NAME = appIcon;
				CODE_SIGN_STYLE = Automatic;
				DEVELOPMENT_TEAM = WX97JD2WLV;
				INFOPLIST_FILE = TreeSapIOS/Info.plist;
				IPHONEOS_DEPLOYMENT_TARGET = 11.0;
				LD_RUNPATH_SEARCH_PATHS = (
					"$(inherited)",
					"@executable_path/Frameworks",
				);
				PRODUCT_BUNDLE_IDENTIFIER = edu.hope.cs.ios.TreeSap;
				PRODUCT_NAME = "$(TARGET_NAME)";
				SWIFT_VERSION = 5.0;
				TARGETED_DEVICE_FAMILY = "1,2";
			};
			name = Release;
		};
		CBBCE84A228DD777008F7225 /* Debug */ = {
			isa = XCBuildConfiguration;
			baseConfigurationReference = 69FCB8763D3803D7045729DF /* Pods-TreeSapIOSTests.debug.xcconfig */;
			buildSettings = {
				ALWAYS_EMBED_SWIFT_STANDARD_LIBRARIES = YES;
				BUNDLE_LOADER = "$(TEST_HOST)";
				CODE_SIGN_STYLE = Automatic;
				DEVELOPMENT_TEAM = WX97JD2WLV;
				INFOPLIST_FILE = TreeSapIOSTests/Info.plist;
				IPHONEOS_DEPLOYMENT_TARGET = 11.0;
				LD_RUNPATH_SEARCH_PATHS = (
					"$(inherited)",
					"@executable_path/Frameworks",
					"@loader_path/Frameworks",
				);
				PRODUCT_BUNDLE_IDENTIFIER = edu.hope.cs.TreeSapIOSTests;
				PRODUCT_NAME = "$(TARGET_NAME)";
				SWIFT_VERSION = 5.0;
				TARGETED_DEVICE_FAMILY = "1,2";
				TEST_HOST = "$(BUILT_PRODUCTS_DIR)/TreeSapIOS.app/TreeSapIOS";
			};
			name = Debug;
		};
		CBBCE84B228DD777008F7225 /* Release */ = {
			isa = XCBuildConfiguration;
			baseConfigurationReference = 032803B715E7C1F1944B7370 /* Pods-TreeSapIOSTests.release.xcconfig */;
			buildSettings = {
				ALWAYS_EMBED_SWIFT_STANDARD_LIBRARIES = YES;
				BUNDLE_LOADER = "$(TEST_HOST)";
				CODE_SIGN_STYLE = Automatic;
				DEVELOPMENT_TEAM = WX97JD2WLV;
				INFOPLIST_FILE = TreeSapIOSTests/Info.plist;
				IPHONEOS_DEPLOYMENT_TARGET = 11.0;
				LD_RUNPATH_SEARCH_PATHS = (
					"$(inherited)",
					"@executable_path/Frameworks",
					"@loader_path/Frameworks",
				);
				PRODUCT_BUNDLE_IDENTIFIER = edu.hope.cs.TreeSapIOSTests;
				PRODUCT_NAME = "$(TARGET_NAME)";
				SWIFT_VERSION = 5.0;
				TARGETED_DEVICE_FAMILY = "1,2";
				TEST_HOST = "$(BUILT_PRODUCTS_DIR)/TreeSapIOS.app/TreeSapIOS";
			};
			name = Release;
		};
/* End XCBuildConfiguration section */

/* Begin XCConfigurationList section */
		CB9F424922A55F3A00C97F70 /* Build configuration list for PBXNativeTarget "TreeSapIOSUITests" */ = {
			isa = XCConfigurationList;
			buildConfigurations = (
				CB9F424A22A55F3A00C97F70 /* Debug */,
				CB9F424B22A55F3A00C97F70 /* Release */,
			);
			defaultConfigurationIsVisible = 0;
			defaultConfigurationName = Release;
		};
		CBBCE822228DD76B008F7225 /* Build configuration list for PBXProject "TreeSapIOS" */ = {
			isa = XCConfigurationList;
			buildConfigurations = (
				CBBCE844228DD777008F7225 /* Debug */,
				CBBCE845228DD777008F7225 /* Release */,
			);
			defaultConfigurationIsVisible = 0;
			defaultConfigurationName = Release;
		};
		CBBCE846228DD777008F7225 /* Build configuration list for PBXNativeTarget "TreeSapIOS" */ = {
			isa = XCConfigurationList;
			buildConfigurations = (
				CBBCE847228DD777008F7225 /* Debug */,
				CBBCE848228DD777008F7225 /* Release */,
			);
			defaultConfigurationIsVisible = 0;
			defaultConfigurationName = Release;
		};
		CBBCE849228DD777008F7225 /* Build configuration list for PBXNativeTarget "TreeSapIOSTests" */ = {
			isa = XCConfigurationList;
			buildConfigurations = (
				CBBCE84A228DD777008F7225 /* Debug */,
				CBBCE84B228DD777008F7225 /* Release */,
			);
			defaultConfigurationIsVisible = 0;
			defaultConfigurationName = Release;
		};
/* End XCConfigurationList section */
	};
	rootObject = CBBCE81F228DD76B008F7225 /* Project object */;
}
